PODS:
  - Flutter (1.0.0)
  - native_toast (0.0.1):
    - Flutter
    - SVProgressHUD
  - SVProgressHUD (2.2.5)

DEPENDENCIES:
  - Flutter (from `Flutter`)
  - native_toast (from `.symlinks/plugins/native_toast/ios`)

SPEC REPOS:
  trunk:
    - SVProgressHUD

EXTERNAL SOURCES:
  Flutter:
    :path: Flutter
  native_toast:
    :path: ".symlinks/plugins/native_toast/ios"

SPEC CHECKSUMS:
  Flutter: 434fef37c0980e73bb6479ef766c45957d4b510c
  native_toast: 5fcaaeb03e80b51ad9ab3be6a1c78e206e159a90
  SVProgressHUD: 1428aafac632c1f86f62aa4243ec12008d7a51d6

PODFILE CHECKSUM: aafe91acc616949ddb318b77800a7f51bffa2a4c

COCOAPODS: 1.10.1
